PODS:
  - MBProgressHUD (1.2.0)
  - Reusable (4.1.2):
    - Reusable/Storyboard (= 4.1.2)
    - Reusable/View (= 4.1.2)
  - Reusable/Storyboard (4.1.2)
  - Reusable/View (4.1.2)
  - RxBlocking (6.5.0):
    - RxSwift (= 6.5.0)
  - RxCocoa (6.5.0):
    - RxRelay (= 6.5.0)
    - RxSwift (= 6.5.0)
  - RxRelay (6.5.0):
    - RxSwift (= 6.5.0)
  - RxSwift (6.5.0)
  - RxTest (6.5.0):
    - RxSwift (= 6.5.0)
  - RxViewController (2.0.0):
    - RxCocoa (~> 6.0)
    - RxSwift (~> 6.0)
  - SDWebImage (5.8.4):
    - SDWebImage/Core (= 5.8.4)
  - SDWebImage/Core (5.8.4)
  - SwiftLint (0.47.0)
  - Then (2.7.0)

DEPENDENCIES:
  - MBProgressHUD (~> 1.2.0)
  - Reusable (~> 4.1.2)
  - RxBlocking (= 6.5.0)
  - RxCocoa (= 6.5.0)
  - RxRelay (= 6.5.0)
  - RxSwift (= 6.5.0)
  - RxTest (= 6.5.0)
  - RxViewController
  - SDWebImage (~> 5.8.3)
  - SwiftLint
  - Then (~> 2.7.0)

SPEC REPOS:
  trunk:
    - MBProgressHUD
    - Reusable
    - RxBlocking
    - RxCocoa
    - RxRelay
    - RxSwift
    - RxTest
    - RxViewController
    - SDWebImage
    - SwiftLint
    - Then

SPEC CHECKSUMS:
  MBProgressHUD: 3ee5efcc380f6a79a7cc9b363dd669c5e1ae7406
  Reusable: 6bae6a5e8aa793c9c441db0213c863a64bce9136
  RxBlocking: 04b5fd28bb5ea49f7d64b80db8bbfe50d9cc1c7d
  RxCocoa: 94f817b71c07517321eb4f9ad299112ca8af743b
  RxRelay: 1de1523e604c72b6c68feadedd1af3b1b4d0ecbd
  RxSwift: 5710a9e6b17f3c3d6e40d6e559b9fa1e813b2ef8
  RxTest: eb2d23adefc5a5ebf5779c7792fa3edfe6ebcc17
  RxViewController: 56486fa0afd629a1d6b5ba077f3b8cd9dc31b5d2
  SDWebImage: cf6922231e95550934da2ada0f20f2becf2ceba9
  SwiftLint: d41cc46a2ae58ac6d9f26954bc89f1d72e71fdef
  Then: acfe0be7e98221c6204e12f8161459606d5d822d

PODFILE CHECKSUM: 1d4e1de43b534d14228461bf3d471e7d499cfb6d

COCOAPODS: 1.11.3
